// !$*UTF8*$!
{
	archiveVersion = 1;
	classes = {
	};
	objectVersion = 48;
	objects = {

/* Begin PBXBuildFile section */
		EBB859ED20899D94002E1C78 /* AppDelegate.swift in Sources */ = {isa = PBXBuildFile; fileRef = EBB859EC20899D94002E1C78 /* AppDelegate.swift */; };
		EBB859EF20899D94002E1C78 /* art.scnassets in Resources */ = {isa = PBXBuildFile; fileRef = EBB859EE20899D94002E1C78 /* art.scnassets */; };
		EBB859F120899D94002E1C78 /* GameViewController.swift in Sources */ = {isa = PBXBuildFile; fileRef = EBB859F020899D94002E1C78 /* GameViewController.swift */; };
		EBB859F420899D94002E1C78 /* Main.storyboard in Resources */ = {isa = PBXBuildFile; fileRef = EBB859F220899D94002E1C78 /* Main.storyboard */; };
		EBB859F620899D94002E1C78 /* Assets.xcassets in Resources */ = {isa = PBXBuildFile; fileRef = EBB859F520899D94002E1C78 /* Assets.xcassets */; };
		EBB859F920899D94002E1C78 /* LaunchScreen.storyboard in Resources */ = {isa = PBXBuildFile; fileRef = EBB859F720899D94002E1C78 /* LaunchScreen.storyboard */; };
		EBB85A0420899D94002E1C78 /* testScalingIssueTests.swift in Sources */ = {isa = PBXBuildFile; fileRef = EBB85A0320899D94002E1C78 /* testScalingIssueTests.swift */; };
/* End PBXBuildFile section */

/* Begin PBXContainerItemProxy section */
		EBB85A0020899D94002E1C78 /* PBXContainerItemProxy */ = {
			isa = PBXContainerItemProxy;
			containerPortal = EBB859E120899D94002E1C78 /* Project object */;
			proxyType = 1;
			remoteGlobalIDString = EBB859E820899D94002E1C78;
			remoteInfo = testScalingIssue;
		};
/* End PBXContainerItemProxy section */

/* Begin PBXFileReference section */
		EBB859E920899D94002E1C78 /* testScalingIssue.app */ = {isa = PBXFileReference; explicitFileType = wrapper.application; includeInIndex = 0; path = testScalingIssue.app; sourceTree = BUILT_PRODUCTS_DIR; };
		EBB859EC20899D94002E1C78 /* AppDelegate.swift */ = {isa = PBXFileReference; lastKnownFileType = sourcecode.swift; path = AppDelegate.swift; sourceTree = "<group>"; };
		EBB859EE20899D94002E1C78 /* art.scnassets */ = {isa = PBXFileReference; lastKnownFileType = wrapper.scnassets; path = art.scnassets; sourceTree = "<group>"; };
		EBB859F020899D94002E1C78 /* GameViewController.swift */ = {isa = PBXFileReference; lastKnownFileType = sourcecode.swift; path = GameViewController.swift; sourceTree = "<group>"; };
		EBB859F320899D94002E1C78 /* Base */ = {isa = PBXFileReference; lastKnownFileType = file.storyboard; name = Base; path = Base.lproj/Main.storyboard; sourceTree = "<group>"; };
		EBB859F520899D94002E1C78 /* Assets.xcassets */ = {isa = PBXFileReference; lastKnownFileType = folder.assetcatalog; path = Assets.xcassets; sourceTree = "<group>"; };
		EBB859F820899D94002E1C78 /* Base */ = {isa = PBXFileReference; lastKnownFileType = file.storyboard; name = Base; path = Base.lproj/LaunchScreen.storyboard; sourceTree = "<group>"; };
		EBB859FA20899D94002E1C78 /* Info.plist */ = {isa = PBXFileReference; lastKnownFileType = text.plist.xml; path = Info.plist; sourceTree = "<group>"; };
		EBB859FF20899D94002E1C78 /* testScalingIssueTests.xctest */ = {isa = PBXFileReference; explicitFileType = wrapper.cfbundle; includeInIndex = 0; path = testScalingIssueTests.xctest; sourceTree = BUILT_PRODUCTS_DIR; };
		EBB85A0320899D94002E1C78 /* testScalingIssueTests.swift */ = {isa = PBXFileReference; lastKnownFileType = sourcecode.swift; path = testScalingIssueTests.swift; sourceTree = "<group>"; };
		EBB85A0520899D94002E1C78 /* Info.plist */ = {isa = PBXFileReference; lastKnownFileType = text.plist.xml; path = Info.plist; sourceTree = "<group>"; };
/* End PBXFileReference section */

/* Begin PBXFrameworksBuildPhase section */
		EBB859E620899D94002E1C78 /* Frameworks */ = {
			isa = PBXFrameworksBuildPhase;
			buildActionMask = 2147483647;
			files = (
			);
			runOnlyForDeploymentPostprocessing = 0;
		};
		EBB859FC20899D94002E1C78 /* Frameworks */ = {
			isa = PBXFrameworksBuildPhase;
			buildActionMask = 2147483647;
			files = (
			);
			runOnlyForDeploymentPostprocessing = 0;
		};
/* End PBXFrameworksBuildPhase section */

/* Begin PBXGroup section */
		EBB859E020899D94002E1C78 = {
			isa = PBXGroup;
			children = (
				EBB859EB20899D94002E1C78 /* testScalingIssue */,
				EBB85A0220899D94002E1C78 /* testScalingIssueTests */,
				EBB859EA20899D94002E1C78 /* Products */,
			);
			sourceTree = "<group>";
		};
		EBB859EA20899D94002E1C78 /* Products */ = {
			isa = PBXGroup;
			children = (
				EBB859E920899D94002E1C78 /* testScalingIssue.app */,
				EBB859FF20899D94002E1C78 /* testScalingIssueTests.xctest */,
			);
			name = Products;
			sourceTree = "<group>";
		};
		EBB859EB20899D94002E1C78 /* testScalingIssue */ = {
			isa = PBXGroup;
			children = (
				EBB859EC20899D94002E1C78 /* AppDelegate.swift */,
				EBB859EE20899D94002E1C78 /* art.scnassets */,
				EBB859F020899D94002E1C78 /* GameViewController.swift */,
				EBB859F220899D94002E1C78 /* Main.storyboard */,
				EBB859F520899D94002E1C78 /* Assets.xcassets */,
				EBB859F720899D94002E1C78 /* LaunchScreen.storyboard */,
				EBB859FA20899D94002E1C78 /* Info.plist */,
			);
			path = testScalingIssue;
			sourceTree = "<group>";
		};
		EBB85A0220899D94002E1C78 /* testScalingIssueTests */ = {
			isa = PBXGroup;
			children = (
				EBB85A0320899D94002E1C78 /* testScalingIssueTests.swift */,
				EBB85A0520899D94002E1C78 /* Info.plist */,
			);
			path = testScalingIssueTests;
			sourceTree = "<group>";
		};
/* End PBXGroup section */

/* Begin PBXNativeTarget section */
		EBB859E820899D94002E1C78 /* testScalingIssue */ = {
			isa = PBXNativeTarget;
			buildConfigurationList = EBB85A0820899D94002E1C78 /* Build configuration list for PBXNativeTarget "testScalingIssue" */;
			buildPhases = (
				EBB859E520899D94002E1C78 /* Sources */,
				EBB859E620899D94002E1C78 /* Frameworks */,
				EBB859E720899D94002E1C78 /* Resources */,
			);
			buildRules = (
			);
			dependencies = (
			);
			name = testScalingIssue;
			productName = testScalingIssue;
			productReference = EBB859E920899D94002E1C78 /* testScalingIssue.app */;
			productType = "com.apple.product-type.application";
		};
		EBB859FE20899D94002E1C78 /* testScalingIssueTests */ = {
			isa = PBXNativeTarget;
			buildConfigurationList = EBB85A0B20899D94002E1C78 /* Build configuration list for PBXNativeTarget "testScalingIssueTests" */;
			buildPhases = (
				EBB859FB20899D94002E1C78 /* Sources */,
				EBB859FC20899D94002E1C78 /* Frameworks */,
				EBB859FD20899D94002E1C78 /* Resources */,
			);
			buildRules = (
			);
			dependencies = (
				EBB85A0120899D94002E1C78 /* PBXTargetDependency */,
			);
			name = testScalingIssueTests;
			productName = testScalingIssueTests;
			productReference = EBB859FF20899D94002E1C78 /* testScalingIssueTests.xctest */;
			productType = "com.apple.product-type.bundle.unit-test";
		};
/* End PBXNativeTarget section */

/* Begin PBXProject section */
		EBB859E120899D94002E1C78 /* Project object */ = {
			isa = PBXProject;
			attributes = {
				LastSwiftUpdateCheck = 0920;
				LastUpgradeCheck = 0920;
				ORGANIZATIONNAME = Lemming;
				TargetAttributes = {
					EBB859E820899D94002E1C78 = {
						CreatedOnToolsVersion = 9.2;
						ProvisioningStyle = Automatic;
					};
					EBB859FE20899D94002E1C78 = {
						CreatedOnToolsVersion = 9.2;
						ProvisioningStyle = Automatic;
						TestTargetID = EBB859E820899D94002E1C78;
					};
				};
			};
			buildConfigurationList = EBB859E420899D94002E1C78 /* Build configuration list for PBXProject "testScalingIssue" */;
			compatibilityVersion = "Xcode 8.0";
			developmentRegion = en;
			hasScannedForEncodings = 0;
			knownRegions = (
				en,
				Base,
			);
			mainGroup = EBB859E020899D94002E1C78;
			productRefGroup = EBB859EA20899D94002E1C78 /* Products */;
			projectDirPath = "";
			projectRoot = "";
			targets = (
				EBB859E820899D94002E1C78 /* testScalingIssue */,
				EBB859FE20899D94002E1C78 /* testScalingIssueTests */,
			);
		};
/* End PBXProject section */

/* Begin PBXResourcesBuildPhase section */
		EBB859E720899D94002E1C78 /* Resources */ = {
			isa = PBXResourcesBuildPhase;
			buildActionMask = 2147483647;
			files = (
				EBB859EF20899D94002E1C78 /* art.scnassets in Resources */,
				EBB859F920899D94002E1C78 /* LaunchScreen.storyboard in Resources */,
				EBB859F620899D94002E1C78 /* Assets.xcassets in Resources */,
				EBB859F420899D94002E1C78 /* Main.storyboard in Resources */,
			);
			runOnlyForDeploymentPostprocessing = 0;
		};
		EBB859FD20899D94002E1C78 /* Resources */ = {
			isa = PBXResourcesBuildPhase;
			buildActionMask = 2147483647;
			files = (
			);
			runOnlyForDeploymentPostprocessing = 0;
		};
/* End PBXResourcesBuildPhase section */

/* Begin PBXSourcesBuildPhase section */
		EBB859E520899D94002E1C78 /* Sources */ = {
			isa = PBXSourcesBuildPhase;
			buildActionMask = 2147483647;
			files = (
				EBB859F120899D94002E1C78 /* GameViewController.swift in Sources */,
				EBB859ED20899D94002E1C78 /* AppDelegate.swift in Sources */,
			);
			runOnlyForDeploymentPostprocessing = 0;
		};
		EBB859FB20899D94002E1C78 /* Sources */ = {
			isa = PBXSourcesBuildPhase;
			buildActionMask = 2147483647;
			files = (
				EBB85A0420899D94002E1C78 /* testScalingIssueTests.swift in Sources */,
			);
			runOnlyForDeploymentPostprocessing = 0;
		};
/* End PBXSourcesBuildPhase section */

/* Begin PBXTargetDependency section */
		EBB85A0120899D94002E1C78 /* PBXTargetDependency */ = {
			isa = PBXTargetDependency;
			target = EBB859E820899D94002E1C78 /* testScalingIssue */;
			targetProxy = EBB85A0020899D94002E1C78 /* PBXContainerItemProxy */;
		};
/* End PBXTargetDependency section */

/* Begin PBXVariantGroup section */
		EBB859F220899D94002E1C78 /* Main.storyboard */ = {
			isa = PBXVariantGroup;
			children = (
				EBB859F320899D94002E1C78 /* Base */,
			);
			name = Main.storyboard;
			sourceTree = "<group>";
		};
		EBB859F720899D94002E1C78 /* LaunchScreen.storyboard */ = {
			isa = PBXVariantGroup;
			children = (
				EBB859F820899D94002E1C78 /* Base */,
			);
			name = LaunchScreen.storyboard;
			sourceTree = "<group>";
		};
/* End PBXVariantGroup section */

/* Begin XCBuildConfiguration section */
		EBB85A0620899D94002E1C78 /* Debug */ = {
			isa = XCBuildConfiguration;
			buildSettings = {
				ALWAYS_SEARCH_USER_PATHS = NO;
				CLANG_ANALYZER_NONNULL = YES;
				CLANG_ANALYZER_NUMBER_OBJECT_CONVERSION = YES_AGGRESSIVE;
				CLANG_CXX_LANGUAGE_STANDARD = "gnu++14";
				CLANG_CXX_LIBRARY = "libc++";
				CLANG_ENABLE_MODULES = YES;
				CLANG_ENABLE_OBJC_ARC = YES;
				CLANG_WARN_BLOCK_CAPTURE_AUTORELEASING = YES;
				CLANG_WARN_BOOL_CONVERSION = YES;
				CLANG_WARN_COMMA = YES;
				CLANG_WARN_CONSTANT_CONVERSION = YES;
				CLANG_WARN_DIRECT_OBJC_ISA_USAGE = YES_ERROR;
				CLANG_WARN_DOCUMENTATION_COMMENTS = YES;
				CLANG_WARN_EMPTY_BODY = YES;
				CLANG_WARN_ENUM_CONVERSION = YES;
				CLANG_WARN_INFINITE_RECURSION = YES;
				CLANG_WARN_INT_CONVERSION = YES;
				CLANG_WARN_NON_LITERAL_NULL_CONVERSION = YES;
				CLANG_WARN_OBJC_LITERAL_CONVERSION = YES;
				CLANG_WARN_OBJC_ROOT_CLASS = YES_ERROR;
				CLANG_WARN_RANGE_LOOP_ANALYSIS = YES;
				CLANG_WARN_STRICT_PROTOTYPES = YES;
				CLANG_WARN_SUSPICIOUS_MOVE = YES;
				CLANG_WARN_UNGUARDED_AVAILABILITY = YES_AGGRESSIVE;
				CLANG_WARN_UNREACHABLE_CODE = YES;
				CLANG_WARN__DUPLICATE_METHOD_MATCH = YES;
				CODE_SIGN_IDENTITY = "iPhone Developer";
				COPY_PHASE_STRIP = NO;
				DEBUG_INFORMATION_FORMAT = dwarf;
				ENABLE_STRICT_OBJC_MSGSEND = YES;
				ENABLE_TESTABILITY = YES;
				GCC_C_LANGUAGE_STANDARD = gnu11;
				GCC_DYNAMIC_NO_PIC = NO;
				GCC_NO_COMMON_BLOCKS = YES;
				GCC_OPTIMIZATION_LEVEL = 0;
				GCC_PREPROCESSOR_DEFINITIONS = (
					"DEBUG=1",
					"$(inherited)",
				);
				GCC_WARN_64_TO_32_BIT_CONVERSION = YES;
				GCC_WARN_ABOUT_RETURN_TYPE = YES_ERROR;
				GCC_WARN_UNDECLARED_SELECTOR = YES;
				GCC_WARN_UNINITIALIZED_AUTOS = YES_AGGRESSIVE;
				GCC_WARN_UNUSED_FUNCTION = YES;
				GCC_WARN_UNUSED_VARIABLE = YES;
				IPHONEOS_DEPLOYMENT_TARGET = 11.2;
				MTL_ENABLE_DEBUG_INFO = YES;
				ONLY_ACTIVE_ARCH = YES;
				SDKROOT = iphoneos;
				SWIFT_ACTIVE_COMPILATION_CONDITIONS = DEBUG;
				SWIFT_OPTIMIZATION_LEVEL = "-Onone";
			};
			name = Debug;
		};
		EBB85A0720899D94002E1C78 /* Release */ = {
			isa = XCBuildConfiguration;
			buildSettings = {
				ALWAYS_SEARCH_USER_PATHS = NO;
				CLANG_ANALYZER_NONNULL = YES;
				CLANG_ANALYZER_NUMBER_OBJECT_CONVERSION = YES_AGGRESSIVE;
				CLANG_CXX_LANGUAGE_STANDARD = "gnu++14";
				CLANG_CXX_LIBRARY = "libc++";
				CLANG_ENABLE_MODULES = YES;
				CLANG_ENABLE_OBJC_ARC = YES;
				CLANG_WARN_BLOCK_CAPTURE_AUTORELEASING = YES;
				CLANG_WARN_BOOL_CONVERSION = YES;
				CLANG_WARN_COMMA = YES;
				CLANG_WARN_CONSTANT_CONVERSION = YES;
				CLANG_WARN_DIRECT_OBJC_ISA_USAGE = YES_ERROR;
				CLANG_WARN_DOCUMENTATION_COMMENTS = YES;
				CLANG_WARN_EMPTY_BODY = YES;
				CLANG_WARN_ENUM_CONVERSION = YES;
				CLANG_WARN_INFINITE_RECURSION = YES;
				CLANG_WARN_INT_CONVERSION = YES;
				CLANG_WARN_NON_LITERAL_NULL_CONVERSION = YES;
				CLANG_WARN_OBJC_LITERAL_CONVERSION = YES;
				CLANG_WARN_OBJC_ROOT_CLASS = YES_ERROR;
				CLANG_WARN_RANGE_LOOP_ANALYSIS = YES;
				CLANG_WARN_STRICT_PROTOTYPES = YES;
				CLANG_WARN_SUSPICIOUS_MOVE = YES;
				CLANG_WARN_UNGUARDED_AVAILABILITY = YES_AGGRESSIVE;
				CLANG_WARN_UNREACHABLE_CODE = YES;
				CLANG_WARN__DUPLICATE_METHOD_MATCH = YES;
				CODE_SIGN_IDENTITY = "iPhone Developer";
				COPY_PHASE_STRIP = NO;
				DEBUG_INFORMATION_FORMAT = "dwarf-with-dsym";
				ENABLE_NS_ASSERTIONS = NO;
				ENABLE_STRICT_OBJC_MSGSEND = YES;
				GCC_C_LANGUAGE_STANDARD = gnu11;
				GCC_NO_COMMON_BLOCKS = YES;
				GCC_WARN_64_TO_32_BIT_CONVERSION = YES;
				GCC_WARN_ABOUT_RETURN_TYPE = YES_ERROR;
				GCC_WARN_UNDECLARED_SELECTOR = YES;
				GCC_WARN_UNINITIALIZED_AUTOS = YES_AGGRESSIVE;
				GCC_WARN_UNUSED_FUNCTION = YES;
				GCC_WARN_UNUSED_VARIABLE = YES;
				IPHONEOS_DEPLOYMENT_TARGET = 11.2;
				MTL_ENABLE_DEBUG_INFO = NO;
				SDKROOT = iphoneos;
				SWIFT_OPTIMIZATION_LEVEL = "-Owholemodule";
				VALIDATE_PRODUCT = YES;
			};
			name = Release;
		};
		EBB85A0920899D94002E1C78 /* Debug */ = {
			isa = XCBuildConfiguration;
			buildSettings = {
				ASSETCATALOG_COMPILER_APPICON_NAME = AppIcon;
				CODE_SIGN_STYLE = Automatic;
				INFOPLIST_FILE = testScalingIssue/Info.plist;
				LD_RUNPATH_SEARCH_PATHS = "$(inherited) @executable_path/Frameworks";
				PRODUCT_BUNDLE_IDENTIFIER = Lemming.testScalingIssue;
				PRODUCT_NAME = "$(TARGET_NAME)";
				SWIFT_VERSION = 4.0;
				TARGETED_DEVICE_FAMILY = "1,2";
			};
			name = Debug;
		};
		EBB85A0A20899D94002E1C78 /* Release */ = {
			isa = XCBuildConfiguration;
			buildSettings = {
				ASSETCATALOG_COMPILER_APPICON_NAME = AppIcon;
				CODE_SIGN_STYLE = Automatic;
				INFOPLIST_FILE = testScalingIssue/Info.plist;
				LD_RUNPATH_SEARCH_PATHS = "$(inherited) @executable_path/Frameworks";
				PRODUCT_BUNDLE_IDENTIFIER = Lemming.testScalingIssue;
				PRODUCT_NAME = "$(TARGET_NAME)";
				SWIFT_VERSION = 4.0;
				TARGETED_DEVICE_FAMILY = "1,2";
			};
			name = Release;
		};
		EBB85A0C20899D94002E1C78 /* Debug */ = {
			isa = XCBuildConfiguration;
			buildSettings = {
				ALWAYS_EMBED_SWIFT_STANDARD_LIBRARIES = YES;
				BUNDLE_LOADER = "$(TEST_HOST)";
				CODE_SIGN_STYLE = Automatic;
				INFOPLIST_FILE = testScalingIssueTests/Info.plist;
				LD_RUNPATH_SEARCH_PATHS = "$(inherited) @executable_path/Frameworks @loader_path/Frameworks";
				PRODUCT_BUNDLE_IDENTIFIER = Lemming.testScalingIssueTests;
				PRODUCT_NAME = "$(TARGET_NAME)";
				SWIFT_VERSION = 4.0;
				TARGETED_DEVICE_FAMILY = "1,2";
				TEST_HOST = "$(BUILT_PRODUCTS_DIR)/testScalingIssue.app/testScalingIssue";
			};
			name = Debug;
		};
		EBB85A0D20899D94002E1C78 /* Release */ = {
			isa = XCBuildConfiguration;
			buildSettings = {
				ALWAYS_EMBED_SWIFT_STANDARD_LIBRARIES = YES;
				BUNDLE_LOADER = "$(TEST_HOST)";
				CODE_SIGN_STYLE = Automatic;
				INFOPLIST_FILE = testScalingIssueTests/Info.plist;
				LD_RUNPATH_SEARCH_PATHS = "$(inherited) @executable_path/Frameworks @loader_path/Frameworks";
				PRODUCT_BUNDLE_IDENTIFIER = Lemming.testScalingIssueTests;
				PRODUCT_NAME = "$(TARGET_NAME)";
				SWIFT_VERSION = 4.0;
				TARGETED_DEVICE_FAMILY = "1,2";
				TEST_HOST = "$(BUILT_PRODUCTS_DIR)/testScalingIssue.app/testScalingIssue";
			};
			name = Release;
		};
/* End XCBuildConfiguration section */

/* Begin XCConfigurationList section */
		EBB859E420899D94002E1C78 /* Build configuration list for PBXProject "testScalingIssue" */ = {
			isa = XCConfigurationList;
			buildConfigurations = (
				EBB85A0620899D94002E1C78 /* Debug */,
				EBB85A0720899D94002E1C78 /* Release */,
			);
			defaultConfigurationIsVisible = 0;
			defaultConfigurationName = Release;
		};
		EBB85A0820899D94002E1C78 /* Build configuration list for PBXNativeTarget "testScalingIssue" */ = {
			isa = XCConfigurationList;
			buildConfigurations = (
				EBB85A0920899D94002E1C78 /* Debug */,
				EBB85A0A20899D94002E1C78 /* Release */,
			);
			defaultConfigurationIsVisible = 0;
			defaultConfigurationName = Release;
		};
		EBB85A0B20899D94002E1C78 /* Build configuration list for PBXNativeTarget "testScalingIssueTests" */ = {
			isa = XCConfigurationList;
			buildConfigurations = (
				EBB85A0C20899D94002E1C78 /* Debug */,
				EBB85A0D20899D94002E1C78 /* Release */,
			);
			defaultConfigurationIsVisible = 0;
			defaultConfigurationName = Release;
		};
/* End XCConfigurationList section */
	};
	rootObject = EBB859E120899D94002E1C78 /* Project object */;
}
